
Microsoft Visual Studio Solution File, Format Version 12.00
# Visual Studio 15
VisualStudioVersion = 15.0.26730.10
MinimumVisualStudioVersion = 10.0.40219.1
Project("{8BC9CEB8-8B4A-11D0-8D11-00A0C91BC942}") = "SFML", "SFML\SFML.vcxproj", "{618B443B-B093-4D82-B5AC-A86FB321A99C}"
EndProject
Global
	GlobalSection(SolutionConfigurationPlatforms) = preSolution
		Debug|x64 = Debug|x64
		Debug|x86 = Debug|x86
		Release|x64 = Release|x64
		Release|x86 = Release|x86
	EndGlobalSection
	GlobalSection(ProjectConfigurationPlatforms) = postSolution
		{618B443B-B093-4D82-B5AC-A86FB321A99C}.Debug|x64.ActiveCfg = Debug|x64
		{618B443B-B093-4D82-B5AC-A86FB321A99C}.Debug|x64.Build.0 = Debug|x64
		{618B443B-B093-4D82-B5AC-A86FB321A99C}.Debug|x86.ActiveCfg = Debug|Win32
		{618B443B-B093-4D82-B5AC-A86FB321A99C}.Debug|x86.Build.0 = Debug|Win32
		{618B443B-B093-4D82-B5AC-A86FB321A99C}.Release|x64.ActiveCfg = Release|x64
		{618B443B-B093-4D82-B5AC-A86FB321A99C}.Release|x64.Build.0 = Release|x64
		{618B443B-B093-4D82-B5AC-A86FB321A99C}.Release|x86.ActiveCfg = Release|Win32
		{618B443B-B093-4D82-B5AC-A86FB321A99C}.Release|x86.Build.0 = Release|Win32
	EndGlobalSection
	GlobalSection(SolutionProperties) = preSolution
		HideSolutionNode = FALSE
	EndGlobalSection
	GlobalSection(ExtensibilityGlobals) = postSolution
		SolutionGuid = {461E0DA8-FEC3-42B7-ADAD-ADEC6D6A5C6A}
	EndGlobalSection
EndGlobal
